<?xml version="1.0" encoding="utf-8"?>
<Project ToolsVersion="4.0" xmlns="http://schemas.microsoft.com/developer/msbuild/2003">
  <ItemGroup>
    <Filter Include="Source Files">
      <UniqueIdentifier>{4FC737F1-C7A5-4376-A066-2A32D752A2FF}</UniqueIdentifier>
      <Extensions>cpp;c;cc;cxx;def;odl;idl;hpj;bat;asm;asmx</Extensions>
    </Filter>
    <Filter Include="Source Files\Chapter01">
      <UniqueIdentifier>{5fa5431d-2481-4a06-bdfe-c4e39b745fcb}</UniqueIdentifier>
    </Filter>
    <Filter Include="Source Files\Chapter02">
      <UniqueIdentifier>{58b341f4-ed07-4dc1-b08c-f38dfbefb999}</UniqueIdentifier>
    </Filter>
    <Filter Include="Source Files\Common">
      <UniqueIdentifier>{e56b193f-e294-4222-b7b1-7c29bee1c4b5}</UniqueIdentifier>
    </Filter>
    <Filter Include="Source Files\Chapter03">
      <UniqueIdentifier>{eb91655a-aa63-4e9a-b160-47029037cc55}</UniqueIdentifier>
    </Filter>
    <Filter Include="Source Files\Chapter04">
      <UniqueIdentifier>{84268f8d-3472-44cd-8573-d244750a7c11}</UniqueIdentifier>
    </Filter>
    <Filter Include="Source Files\Chapter05">
      <UniqueIdentifier>{52f4d609-e12e-40da-81a7-f0053f629b5a}</UniqueIdentifier>
    </Filter>
    <Filter Include="Source Files\Miscellaneous">
      <UniqueIdentifier>{2ddfdc83-e54d-4d67-8aa6-9309de9c1e7c}</UniqueIdentifier>
    </Filter>
  </ItemGroup>
  <ItemGroup>
    <ClInclude Include="Chapter01\Example_01_01_Sketch.h">
      <Filter>Source Files\Chapter01</Filter>
    </ClInclude>
    <ClInclude Include="Chapter01\Example_01_02_Sketch.h">
      <Filter>Source Files\Chapter01</Filter>
    </ClInclude>
    <ClInclude Include="Chapter01\Example_01_03_Sketch.h">
      <Filter>Source Files\Chapter01</Filter>
    </ClInclude>
    <ClInclude Include="Chapter01\Example_01_04_Sketch.h">
      <Filter>Source Files\Chapter01</Filter>
    </ClInclude>
    <ClInclude Include="Chapter01\Example_01_05_Sketch.h">
      <Filter>Source Files\Chapter01</Filter>
    </ClInclude>
    <ClInclude Include="Chapter01\Example_01_06_Sketch.h">
      <Filter>Source Files\Chapter01</Filter>
    </ClInclude>
    <ClInclude Include="Chapter01\Example_01_07_Mover.h">
      <Filter>Source Files\Chapter01</Filter>
    </ClInclude>
    <ClInclude Include="Chapter01\Example_01_07_Sketch.h">
      <Filter>Source Files\Chapter01</Filter>
    </ClInclude>
    <ClInclude Include="Chapter01\Example_01_08_Mover.h">
      <Filter>Source Files\Chapter01</Filter>
    </ClInclude>
    <ClInclude Include="Chapter01\Example_01_08_Sketch.h">
      <Filter>Source Files\Chapter01</Filter>
    </ClInclude>
    <ClInclude Include="Chapter01\Example_01_09_Mover.h">
      <Filter>Source Files\Chapter01</Filter>
    </ClInclude>
    <ClInclude Include="Chapter01\Example_01_09_Sketch.h">
      <Filter>Source Files\Chapter01</Filter>
    </ClInclude>
    <ClInclude Include="Chapter01\Example_01_10_Mover.h">
      <Filter>Source Files\Chapter01</Filter>
    </ClInclude>
    <ClInclude Include="Chapter01\Example_01_10_Sketch.h">
      <Filter>Source Files\Chapter01</Filter>
    </ClInclude>
    <ClInclude Include="Chapter02\Example_02_01_Mover.h">
      <Filter>Source Files\Chapter02</Filter>
    </ClInclude>
    <ClInclude Include="Chapter02\Example_02_01_Sketch.h">
      <Filter>Source Files\Chapter02</Filter>
    </ClInclude>
    <ClInclude Include="Chapter02\Example_02_02_Mover.h">
      <Filter>Source Files\Chapter02</Filter>
    </ClInclude>
    <ClInclude Include="Chapter02\Example_02_02_Sketch.h">
      <Filter>Source Files\Chapter02</Filter>
    </ClInclude>
    <ClInclude Include="Chapter02\Example_02_03_Mover.h">
      <Filter>Source Files\Chapter02</Filter>
    </ClInclude>
    <ClInclude Include="Chapter02\Example_02_03_Sketch.h">
      <Filter>Source Files\Chapter02</Filter>
    </ClInclude>
    <ClInclude Include="Chapter02\Example_02_04_Mover.h">
      <Filter>Source Files\Chapter02</Filter>
    </ClInclude>
    <ClInclude Include="Chapter02\Example_02_04_Sketch.h">
      <Filter>Source Files\Chapter02</Filter>
    </ClInclude>
    <ClInclude Include="Chapter02\Example_02_05_Liquid.h">
      <Filter>Source Files\Chapter02</Filter>
    </ClInclude>
    <ClInclude Include="Chapter02\Example_02_05_Mover.h">
      <Filter>Source Files\Chapter02</Filter>
    </ClInclude>
    <ClInclude Include="Chapter02\Example_02_05_Sketch.h">
      <Filter>Source Files\Chapter02</Filter>
    </ClInclude>
    <ClInclude Include="Chapter02\Example_02_06_Attractor.h">
      <Filter>Source Files\Chapter02</Filter>
    </ClInclude>
    <ClInclude Include="Chapter02\Example_02_06_Mover.h">
      <Filter>Source Files\Chapter02</Filter>
    </ClInclude>
    <ClInclude Include="Chapter02\Example_02_06_Sketch.h">
      <Filter>Source Files\Chapter02</Filter>
    </ClInclude>
    <ClInclude Include="Chapter02\Example_02_07_Attractor.h">
      <Filter>Source Files\Chapter02</Filter>
    </ClInclude>
    <ClInclude Include="Chapter02\Example_02_07_Mover.h">
      <Filter>Source Files\Chapter02</Filter>
    </ClInclude>
    <ClInclude Include="Chapter02\Example_02_07_Sketch.h">
      <Filter>Source Files\Chapter02</Filter>
    </ClInclude>
    <ClInclude Include="Chapter02\Example_02_08_Body.h">
      <Filter>Source Files\Chapter02</Filter>
    </ClInclude>
    <ClInclude Include="Chapter02\Example_02_08_Sketch.h">
      <Filter>Source Files\Chapter02</Filter>
    </ClInclude>
    <ClInclude Include="Chapter02\Example_02_09_Body.h">
      <Filter>Source Files\Chapter02</Filter>
    </ClInclude>
    <ClInclude Include="Chapter02\Example_02_09_Sketch.h">
      <Filter>Source Files\Chapter02</Filter>
    </ClInclude>
    <ClInclude Include="Chapter03\Example_03_01_Sketch.h">
      <Filter>Source Files\Chapter03</Filter>
    </ClInclude>
    <ClInclude Include="Chapter03\Example_03_02_Attractor.h">
      <Filter>Source Files\Chapter03</Filter>
    </ClInclude>
    <ClInclude Include="Chapter03\Example_03_02_Mover.h">
      <Filter>Source Files\Chapter03</Filter>
    </ClInclude>
    <ClInclude Include="Chapter03\Example_03_02_Sketch.h">
      <Filter>Source Files\Chapter03</Filter>
    </ClInclude>
    <ClInclude Include="Chapter03\Example_03_03_Mover.h">
      <Filter>Source Files\Chapter03</Filter>
    </ClInclude>
    <ClInclude Include="Chapter03\Example_03_03_Sketch.h">
      <Filter>Source Files\Chapter03</Filter>
    </ClInclude>
    <ClInclude Include="Chapter03\Example_03_04_Sketch.h">
      <Filter>Source Files\Chapter03</Filter>
    </ClInclude>
    <ClInclude Include="Chapter03\Example_03_05_Sketch.h">
      <Filter>Source Files\Chapter03</Filter>
    </ClInclude>
    <ClInclude Include="Chapter03\Example_03_06_Sketch.h">
      <Filter>Source Files\Chapter03</Filter>
    </ClInclude>
    <ClInclude Include="Chapter03\Example_03_07_Oscillator.h">
      <Filter>Source Files\Chapter03</Filter>
    </ClInclude>
    <ClInclude Include="Chapter03\Example_03_07_Sketch.h">
      <Filter>Source Files\Chapter03</Filter>
    </ClInclude>
    <ClInclude Include="Chapter03\Example_03_08_Sketch.h">
      <Filter>Source Files\Chapter03</Filter>
    </ClInclude>
    <ClInclude Include="Chapter03\Example_03_09_Sketch.h">
      <Filter>Source Files\Chapter03</Filter>
    </ClInclude>
    <ClInclude Include="Chapter03\Example_03_10_Bob.h">
      <Filter>Source Files\Chapter03</Filter>
    </ClInclude>
    <ClInclude Include="Chapter03\Example_03_10_Sketch.h">
      <Filter>Source Files\Chapter03</Filter>
    </ClInclude>
    <ClInclude Include="Chapter03\Example_03_10_Spring.h">
      <Filter>Source Files\Chapter03</Filter>
    </ClInclude>
    <ClInclude Include="Chapter03\Example_03_11_Pendulum.h">
      <Filter>Source Files\Chapter03</Filter>
    </ClInclude>
    <ClInclude Include="Chapter03\Example_03_11_Sketch.h">
      <Filter>Source Files\Chapter03</Filter>
    </ClInclude>
    <ClInclude Include="Chapter04\Example_04_01_Particle.h">
      <Filter>Source Files\Chapter04</Filter>
    </ClInclude>
    <ClInclude Include="Chapter04\Example_04_01_Sketch.h">
      <Filter>Source Files\Chapter04</Filter>
    </ClInclude>
    <ClInclude Include="Chapter04\Example_04_02_Particle.h">
      <Filter>Source Files\Chapter04</Filter>
    </ClInclude>
    <ClInclude Include="Chapter04\Example_04_02_Sketch.h">
      <Filter>Source Files\Chapter04</Filter>
    </ClInclude>
    <ClInclude Include="Chapter04\Example_04_03_Emitter.h">
      <Filter>Source Files\Chapter04</Filter>
    </ClInclude>
    <ClInclude Include="Chapter04\Example_04_03_Particle.h">
      <Filter>Source Files\Chapter04</Filter>
    </ClInclude>
    <ClInclude Include="Chapter04\Example_04_03_Sketch.h">
      <Filter>Source Files\Chapter04</Filter>
    </ClInclude>
    <ClInclude Include="Chapter04\Example_04_04_Emitter.h">
      <Filter>Source Files\Chapter04</Filter>
    </ClInclude>
    <ClInclude Include="Chapter04\Example_04_04_Particle.h">
      <Filter>Source Files\Chapter04</Filter>
    </ClInclude>
    <ClInclude Include="Chapter04\Example_04_04_Sketch.h">
      <Filter>Source Files\Chapter04</Filter>
    </ClInclude>
    <ClInclude Include="Chapter04\Example_04_05_Confetti.h">
      <Filter>Source Files\Chapter04</Filter>
    </ClInclude>
    <ClInclude Include="Chapter04\Example_04_05_Emitter.h">
      <Filter>Source Files\Chapter04</Filter>
    </ClInclude>
    <ClInclude Include="Chapter04\Example_04_05_Particle.h">
      <Filter>Source Files\Chapter04</Filter>
    </ClInclude>
    <ClInclude Include="Chapter04\Example_04_05_Sketch.h">
      <Filter>Source Files\Chapter04</Filter>
    </ClInclude>
    <ClInclude Include="Chapter04\Example_04_06_Emitter.h">
      <Filter>Source Files\Chapter04</Filter>
    </ClInclude>
    <ClInclude Include="Chapter04\Example_04_06_Particle.h">
      <Filter>Source Files\Chapter04</Filter>
    </ClInclude>
    <ClInclude Include="Chapter04\Example_04_06_Sketch.h">
      <Filter>Source Files\Chapter04</Filter>
    </ClInclude>
    <ClInclude Include="Chapter04\Example_04_07_Emitter.h">
      <Filter>Source Files\Chapter04</Filter>
    </ClInclude>
    <ClInclude Include="Chapter04\Example_04_07_Particle.h">
      <Filter>Source Files\Chapter04</Filter>
    </ClInclude>
    <ClInclude Include="Chapter04\Example_04_07_Sketch.h">
      <Filter>Source Files\Chapter04</Filter>
    </ClInclude>
    <ClInclude Include="Chapter04\Example_04_07_Repeller.h">
      <Filter>Source Files\Chapter04</Filter>
    </ClInclude>
    <ClInclude Include="Chapter04\Example_04_08_Emitter.h">
      <Filter>Source Files\Chapter04</Filter>
    </ClInclude>
    <ClInclude Include="Chapter04\Example_04_08_Particle.h">
      <Filter>Source Files\Chapter04</Filter>
    </ClInclude>
    <ClInclude Include="Chapter04\Example_04_08_Sketch.h">
      <Filter>Source Files\Chapter04</Filter>
    </ClInclude>
    <ClInclude Include="Chapter05\Example_05_01_Sketch.h">
      <Filter>Source Files\Chapter05</Filter>
    </ClInclude>
    <ClInclude Include="Chapter05\Example_05_01_Vehicle.h">
      <Filter>Source Files\Chapter05</Filter>
    </ClInclude>
    <ClInclude Include="Chapter05\Example_05_02_Sketch.h">
      <Filter>Source Files\Chapter05</Filter>
    </ClInclude>
    <ClInclude Include="Chapter05\Example_05_02_Vehicle.h">
      <Filter>Source Files\Chapter05</Filter>
    </ClInclude>
    <ClInclude Include="Chapter05\Example_05_03_Sketch.h">
      <Filter>Source Files\Chapter05</Filter>
    </ClInclude>
    <ClInclude Include="Chapter05\Example_05_03_Vehicle.h">
      <Filter>Source Files\Chapter05</Filter>
    </ClInclude>
    <ClInclude Include="Common\PerlinNoise2D.h">
      <Filter>Source Files\Common</Filter>
    </ClInclude>
    <ClInclude Include="Chapter05\Example_05_04_Sketch.h">
      <Filter>Source Files\Chapter05</Filter>
    </ClInclude>
    <ClInclude Include="Chapter05\Example_05_04_Vehicle.h">
      <Filter>Source Files\Chapter05</Filter>
    </ClInclude>
    <ClInclude Include="Chapter05\Example_05_04_FlowField.h">
      <Filter>Source Files\Chapter05</Filter>
    </ClInclude>
    <ClInclude Include="Chapter05\Example_05_05_Sketch.h">
      <Filter>Source Files\Chapter05</Filter>
    </ClInclude>
    <ClInclude Include="Chapter05\Example_05_05_Path.h">
      <Filter>Source Files\Chapter05</Filter>
    </ClInclude>
    <ClInclude Include="Tests\CircleTest.h">
      <Filter>Source Files\Miscellaneous</Filter>
    </ClInclude>
    <ClInclude Include="Miscellaneous\CopyExample.h">
      <Filter>Source Files\Miscellaneous</Filter>
    </ClInclude>
    <ClInclude Include="Tests\GenerateExampleInitialCode.h">
      <Filter>Source Files\Miscellaneous</Filter>
    </ClInclude>
    <ClInclude Include="Chapter05\Example_05_06_Path.h">
      <Filter>Source Files\Chapter05</Filter>
    </ClInclude>
    <ClInclude Include="Chapter05\Example_05_06_Sketch.h">
      <Filter>Source Files\Chapter05</Filter>
    </ClInclude>
    <ClInclude Include="Chapter05\Example_05_06_Vehicle.h">
      <Filter>Source Files\Chapter05</Filter>
    </ClInclude>
    <ClInclude Include="Common\Vector.h">
      <Filter>Source Files\Common</Filter>
    </ClInclude>
    <ClInclude Include="Chapter05\Example_05_07_Path.h">
      <Filter>Source Files\Chapter05</Filter>
    </ClInclude>
    <ClInclude Include="Chapter05\Example_05_07_Sketch.h">
      <Filter>Source Files\Chapter05</Filter>
    </ClInclude>
    <ClInclude Include="Chapter05\Example_05_08_Path.h">
      <Filter>Source Files\Chapter05</Filter>
    </ClInclude>
    <ClInclude Include="Chapter05\Example_05_08_Sketch.h">
      <Filter>Source Files\Chapter05</Filter>
    </ClInclude>
    <ClInclude Include="Chapter05\Example_05_08_Vehicle.h">
      <Filter>Source Files\Chapter05</Filter>
    </ClInclude>
    <ClInclude Include="Chapter05\Example_05_09_Vehicle.h">
      <Filter>Source Files\Chapter05</Filter>
    </ClInclude>
    <ClInclude Include="Common\P5SDL.h">
      <Filter>Source Files\Common</Filter>
    </ClInclude>
    <ClInclude Include="Chapter05\Example_05_09_Sketch.h">
      <Filter>Source Files\Chapter05</Filter>
    </ClInclude>
    <ClInclude Include="Chapter05\Example_05_10_Sketch.h">
      <Filter>Source Files\Chapter05</Filter>
    </ClInclude>
    <ClInclude Include="Chapter05\Example_05_10_Vehicle.h">
      <Filter>Source Files\Chapter05</Filter>
    </ClInclude>
  </ItemGroup>
  <ItemGroup>
    <ClCompile Include="main.cpp">
      <Filter>Source Files</Filter>
    </ClCompile>
    <ClCompile Include="Common\Utils.h">
      <Filter>Source Files\Common</Filter>
    </ClCompile>
    <ClCompile Include="Chapter01\Example_01_01_Sketch.cpp">
      <Filter>Source Files\Chapter01</Filter>
    </ClCompile>
    <ClCompile Include="Chapter01\Example_01_02_Sketch.cpp">
      <Filter>Source Files\Chapter01</Filter>
    </ClCompile>
    <ClCompile Include="Chapter01\Example_01_03_Sketch.cpp">
      <Filter>Source Files\Chapter01</Filter>
    </ClCompile>
    <ClCompile Include="Chapter01\Example_01_04_Sketch.cpp">
      <Filter>Source Files\Chapter01</Filter>
    </ClCompile>
    <ClCompile Include="Chapter01\Example_01_05_Sketch.cpp">
      <Filter>Source Files\Chapter01</Filter>
    </ClCompile>
    <ClCompile Include="Chapter01\Example_01_06_Sketch.cpp">
      <Filter>Source Files\Chapter01</Filter>
    </ClCompile>
    <ClCompile Include="Chapter01\Example_01_07_Mover.cpp">
      <Filter>Source Files\Chapter01</Filter>
    </ClCompile>
    <ClCompile Include="Chapter01\Example_01_07_Sketch.cpp">
      <Filter>Source Files\Chapter01</Filter>
    </ClCompile>
    <ClCompile Include="Chapter01\Example_01_08_Mover.cpp">
      <Filter>Source Files\Chapter01</Filter>
    </ClCompile>
    <ClCompile Include="Chapter01\Example_01_08_Sketch.cpp">
      <Filter>Source Files\Chapter01</Filter>
    </ClCompile>
    <ClCompile Include="Chapter01\Example_01_09_Mover.cpp">
      <Filter>Source Files\Chapter01</Filter>
    </ClCompile>
    <ClCompile Include="Chapter01\Example_01_09_Sketch.cpp">
      <Filter>Source Files\Chapter01</Filter>
    </ClCompile>
    <ClCompile Include="Chapter01\Example_01_10_Mover.cpp">
      <Filter>Source Files\Chapter01</Filter>
    </ClCompile>
    <ClCompile Include="Chapter01\Example_01_10_Sketch.cpp">
      <Filter>Source Files\Chapter01</Filter>
    </ClCompile>
    <ClCompile Include="Chapter02\Example_02_01_Mover.cpp">
      <Filter>Source Files\Chapter02</Filter>
    </ClCompile>
    <ClCompile Include="Chapter02\Example_02_01_Sketch.cpp">
      <Filter>Source Files\Chapter02</Filter>
    </ClCompile>
    <ClCompile Include="Chapter02\Example_02_02_Mover.cpp">
      <Filter>Source Files\Chapter02</Filter>
    </ClCompile>
    <ClCompile Include="Chapter02\Example_02_02_Sketch.cpp">
      <Filter>Source Files\Chapter02</Filter>
    </ClCompile>
    <ClCompile Include="Chapter02\Example_02_03_Mover.cpp">
      <Filter>Source Files\Chapter02</Filter>
    </ClCompile>
    <ClCompile Include="Chapter02\Example_02_03_Sketch.cpp">
      <Filter>Source Files\Chapter02</Filter>
    </ClCompile>
    <ClCompile Include="Chapter02\Example_02_04_Mover.cpp">
      <Filter>Source Files\Chapter02</Filter>
    </ClCompile>
    <ClCompile Include="Chapter02\Example_02_04_Sketch.cpp">
      <Filter>Source Files\Chapter02</Filter>
    </ClCompile>
    <ClCompile Include="Chapter02\Example_02_05_Liquid.cpp">
      <Filter>Source Files\Chapter02</Filter>
    </ClCompile>
    <ClCompile Include="Chapter02\Example_02_05_Mover.cpp">
      <Filter>Source Files\Chapter02</Filter>
    </ClCompile>
    <ClCompile Include="Chapter02\Example_02_05_Sketch.cpp">
      <Filter>Source Files\Chapter02</Filter>
    </ClCompile>
    <ClCompile Include="Chapter02\Example_02_06_Attractor.cpp">
      <Filter>Source Files\Chapter02</Filter>
    </ClCompile>
    <ClCompile Include="Chapter02\Example_02_06_Mover.cpp">
      <Filter>Source Files\Chapter02</Filter>
    </ClCompile>
    <ClCompile Include="Chapter02\Example_02_06_Sketch.cpp">
      <Filter>Source Files\Chapter02</Filter>
    </ClCompile>
    <ClCompile Include="Chapter02\Example_02_07_Attractor.cpp">
      <Filter>Source Files\Chapter02</Filter>
    </ClCompile>
    <ClCompile Include="Chapter02\Example_02_07_Mover.cpp">
      <Filter>Source Files\Chapter02</Filter>
    </ClCompile>
    <ClCompile Include="Chapter02\Example_02_07_Sketch.cpp">
      <Filter>Source Files\Chapter02</Filter>
    </ClCompile>
    <ClCompile Include="Chapter02\Example_02_08_Body.cpp">
      <Filter>Source Files\Chapter02</Filter>
    </ClCompile>
    <ClCompile Include="Chapter02\Example_02_08_Sketch.cpp">
      <Filter>Source Files\Chapter02</Filter>
    </ClCompile>
    <ClCompile Include="Chapter02\Example_02_09_Body.cpp">
      <Filter>Source Files\Chapter02</Filter>
    </ClCompile>
    <ClCompile Include="Chapter02\Example_02_09_Sketch.cpp">
      <Filter>Source Files\Chapter02</Filter>
    </ClCompile>
    <ClCompile Include="Chapter03\Example_03_01_Sketch.cpp">
      <Filter>Source Files\Chapter03</Filter>
    </ClCompile>
    <ClCompile Include="Chapter03\Example_03_02_Attractor.cpp">
      <Filter>Source Files\Chapter03</Filter>
    </ClCompile>
    <ClCompile Include="Chapter03\Example_03_02_Mover.cpp">
      <Filter>Source Files\Chapter03</Filter>
    </ClCompile>
    <ClCompile Include="Chapter03\Example_03_02_Sketch.cpp">
      <Filter>Source Files\Chapter03</Filter>
    </ClCompile>
    <ClCompile Include="Chapter03\Example_03_03_Mover.cpp">
      <Filter>Source Files\Chapter03</Filter>
    </ClCompile>
    <ClCompile Include="Chapter03\Example_03_03_Sketch.cpp">
      <Filter>Source Files\Chapter03</Filter>
    </ClCompile>
    <ClCompile Include="Chapter03\Example_03_04_Sketch.cpp">
      <Filter>Source Files\Chapter03</Filter>
    </ClCompile>
    <ClCompile Include="Chapter03\Example_03_05_Sketch.cpp">
      <Filter>Source Files\Chapter03</Filter>
    </ClCompile>
    <ClCompile Include="Chapter03\Example_03_06_Sketch.cpp">
      <Filter>Source Files\Chapter03</Filter>
    </ClCompile>
    <ClCompile Include="Chapter03\Example_03_07_Oscillator.cpp">
      <Filter>Source Files\Chapter03</Filter>
    </ClCompile>
    <ClCompile Include="Chapter03\Example_03_07_Sketch.cpp">
      <Filter>Source Files\Chapter03</Filter>
    </ClCompile>
    <ClCompile Include="Chapter03\Example_03_08_Sketch.cpp">
      <Filter>Source Files\Chapter03</Filter>
    </ClCompile>
    <ClCompile Include="Chapter03\Example_03_09_Sketch.cpp">
      <Filter>Source Files\Chapter03</Filter>
    </ClCompile>
    <ClCompile Include="Chapter03\Example_03_10_Bob.cpp">
      <Filter>Source Files\Chapter03</Filter>
    </ClCompile>
    <ClCompile Include="Chapter03\Example_03_10_Sketch.cpp">
      <Filter>Source Files\Chapter03</Filter>
    </ClCompile>
    <ClCompile Include="Chapter03\Example_03_10_Spring.cpp">
      <Filter>Source Files\Chapter03</Filter>
    </ClCompile>
    <ClCompile Include="Chapter03\Example_03_11_Pendulum.cpp">
      <Filter>Source Files\Chapter03</Filter>
    </ClCompile>
    <ClCompile Include="Chapter03\Example_03_11_Sketch.cpp">
      <Filter>Source Files\Chapter03</Filter>
    </ClCompile>
    <ClCompile Include="Chapter04\Example_04_01_Particle.cpp">
      <Filter>Source Files\Chapter04</Filter>
    </ClCompile>
    <ClCompile Include="Chapter04\Example_04_01_Sketch.cpp">
      <Filter>Source Files\Chapter04</Filter>
    </ClCompile>
    <ClCompile Include="Chapter04\Example_04_02_Particle.cpp">
      <Filter>Source Files\Chapter04</Filter>
    </ClCompile>
    <ClCompile Include="Chapter04\Example_04_02_Sketch.cpp">
      <Filter>Source Files\Chapter04</Filter>
    </ClCompile>
    <ClCompile Include="Chapter04\Example_04_03_Emitter.cpp">
      <Filter>Source Files\Chapter04</Filter>
    </ClCompile>
    <ClCompile Include="Chapter04\Example_04_03_Particle.cpp">
      <Filter>Source Files\Chapter04</Filter>
    </ClCompile>
    <ClCompile Include="Chapter04\Example_04_03_Sketch.cpp">
      <Filter>Source Files\Chapter04</Filter>
    </ClCompile>
    <ClCompile Include="Chapter04\Example_04_04_Emitter.cpp">
      <Filter>Source Files\Chapter04</Filter>
    </ClCompile>
    <ClCompile Include="Chapter04\Example_04_04_Particle.cpp">
      <Filter>Source Files\Chapter04</Filter>
    </ClCompile>
    <ClCompile Include="Chapter04\Example_04_04_Sketch.cpp">
      <Filter>Source Files\Chapter04</Filter>
    </ClCompile>
    <ClCompile Include="Chapter04\Example_04_05_Confetti.cpp">
      <Filter>Source Files\Chapter04</Filter>
    </ClCompile>
    <ClCompile Include="Chapter04\Example_04_05_Emitter.cpp">
      <Filter>Source Files\Chapter04</Filter>
    </ClCompile>
    <ClCompile Include="Chapter04\Example_04_05_Particle.cpp">
      <Filter>Source Files\Chapter04</Filter>
    </ClCompile>
    <ClCompile Include="Chapter04\Example_04_05_Sketch.cpp">
      <Filter>Source Files\Chapter04</Filter>
    </ClCompile>
    <ClCompile Include="Chapter04\Example_04_06_Emitter.cpp">
      <Filter>Source Files\Chapter04</Filter>
    </ClCompile>
    <ClCompile Include="Chapter04\Example_04_06_Particle.cpp">
      <Filter>Source Files\Chapter04</Filter>
    </ClCompile>
    <ClCompile Include="Chapter04\Example_04_06_Sketch.cpp">
      <Filter>Source Files\Chapter04</Filter>
    </ClCompile>
    <ClCompile Include="Chapter04\Example_04_07_Emitter.cpp">
      <Filter>Source Files\Chapter04</Filter>
    </ClCompile>
    <ClCompile Include="Chapter04\Example_04_07_Particle.cpp">
      <Filter>Source Files\Chapter04</Filter>
    </ClCompile>
    <ClCompile Include="Chapter04\Example_04_07_Sketch.cpp">
      <Filter>Source Files\Chapter04</Filter>
    </ClCompile>
    <ClCompile Include="Chapter04\Example_04_07_Repeller.cpp">
      <Filter>Source Files\Chapter04</Filter>
    </ClCompile>
    <ClCompile Include="Chapter04\Example_04_08_Emitter.cpp">
      <Filter>Source Files\Chapter04</Filter>
    </ClCompile>
    <ClCompile Include="Chapter04\Example_04_08_Particle.cpp">
      <Filter>Source Files\Chapter04</Filter>
    </ClCompile>
    <ClCompile Include="Chapter04\Example_04_08_Sketch.cpp">
      <Filter>Source Files\Chapter04</Filter>
    </ClCompile>
    <ClCompile Include="Chapter05\Example_05_01_Sketch.cpp">
      <Filter>Source Files\Chapter05</Filter>
    </ClCompile>
    <ClCompile Include="Chapter05\Example_05_01_Vehicle.cpp">
      <Filter>Source Files\Chapter05</Filter>
    </ClCompile>
    <ClCompile Include="Chapter05\Example_05_02_Sketch.cpp">
      <Filter>Source Files\Chapter05</Filter>
    </ClCompile>
    <ClCompile Include="Chapter05\Example_05_02_Vehicle.cpp">
      <Filter>Source Files\Chapter05</Filter>
    </ClCompile>
    <ClCompile Include="Chapter05\Example_05_03_Sketch.cpp">
      <Filter>Source Files\Chapter05</Filter>
    </ClCompile>
    <ClCompile Include="Chapter05\Example_05_03_Vehicle.cpp">
      <Filter>Source Files\Chapter05</Filter>
    </ClCompile>
    <ClCompile Include="Common\PerlinNoise2D.cpp">
      <Filter>Source Files\Common</Filter>
    </ClCompile>
    <ClCompile Include="Chapter05\Example_05_04_Sketch.cpp">
      <Filter>Source Files\Chapter05</Filter>
    </ClCompile>
    <ClCompile Include="Chapter05\Example_05_04_Vehicle.cpp">
      <Filter>Source Files\Chapter05</Filter>
    </ClCompile>
    <ClCompile Include="Chapter05\Example_05_04_FlowField.cpp">
      <Filter>Source Files\Chapter05</Filter>
    </ClCompile>
    <ClCompile Include="Chapter05\Example_05_05_Sketch.cpp">
      <Filter>Source Files\Chapter05</Filter>
    </ClCompile>
    <ClCompile Include="Chapter05\Example_05_05_Path.cpp">
      <Filter>Source Files\Chapter05</Filter>
    </ClCompile>
    <ClCompile Include="Tests\CircleTest.cpp">
      <Filter>Source Files\Miscellaneous</Filter>
    </ClCompile>
    <ClCompile Include="Miscellaneous\CopyExample.cpp">
      <Filter>Source Files\Miscellaneous</Filter>
    </ClCompile>
    <ClCompile Include="Tests\GenerateExampleInitialCode.cpp">
      <Filter>Source Files\Miscellaneous</Filter>
    </ClCompile>
    <ClCompile Include="Chapter05\Example_05_06_Path.cpp">
      <Filter>Source Files\Chapter05</Filter>
    </ClCompile>
    <ClCompile Include="Chapter05\Example_05_06_Sketch.cpp">
      <Filter>Source Files\Chapter05</Filter>
    </ClCompile>
    <ClCompile Include="Chapter05\Example_05_06_Vehicle.cpp">
      <Filter>Source Files\Chapter05</Filter>
    </ClCompile>
    <ClCompile Include="Common\Vector.cpp">
      <Filter>Source Files\Common</Filter>
    </ClCompile>
    <ClCompile Include="Chapter05\Example_05_07_Path.cpp">
      <Filter>Source Files\Chapter05</Filter>
    </ClCompile>
    <ClCompile Include="Chapter05\Example_05_07_Sketch.cpp">
      <Filter>Source Files\Chapter05</Filter>
    </ClCompile>
    <ClCompile Include="Chapter05\Example_05_08_Path.cpp">
      <Filter>Source Files\Chapter05</Filter>
    </ClCompile>
    <ClCompile Include="Chapter05\Example_05_08_Sketch.cpp">
      <Filter>Source Files\Chapter05</Filter>
    </ClCompile>
    <ClCompile Include="Chapter05\Example_05_08_Vehicle.cpp">
      <Filter>Source Files\Chapter05</Filter>
    </ClCompile>
    <ClCompile Include="Chapter05\Example_05_09_Vehicle.cpp">
      <Filter>Source Files\Chapter05</Filter>
    </ClCompile>
    <ClCompile Include="Common\P5SDL.cpp">
      <Filter>Source Files\Common</Filter>
    </ClCompile>
    <ClCompile Include="Chapter05\Example_05_09_Sketch.cpp">
      <Filter>Source Files\Chapter05</Filter>
    </ClCompile>
    <ClCompile Include="Chapter05\Example_05_10_Sketch.cpp">
      <Filter>Source Files\Chapter05</Filter>
    </ClCompile>
    <ClCompile Include="Chapter05\Example_05_10_Vehicle.cpp">
      <Filter>Source Files\Chapter05</Filter>
    </ClCompile>
  </ItemGroup>
  <ItemGroup>
    <None Include="Readme.md" />
  </ItemGroup>
  <ItemGroup>
    <Image Include="Chapter04\Example_04_08_Texture.png">
      <Filter>Source Files\Chapter04</Filter>
    </Image>
  </ItemGroup>
</Project>