<?xml version="1.0" encoding="utf-8"?>
<Project ToolsVersion="4.0" xmlns="http://schemas.microsoft.com/developer/msbuild/2003">
  <ItemGroup>
    <Filter Include="Source Files">
      <UniqueIdentifier>{4FC737F1-C7A5-4376-A066-2A32D752A2FF}</UniqueIdentifier>
      <Extensions>cpp;c;cc;cxx;def;odl;idl;hpj;bat;asm;asmx</Extensions>
    </Filter>
    <Filter Include="Source Files\Chapter01">
      <UniqueIdentifier>{5fa5431d-2481-4a06-bdfe-c4e39b745fcb}</UniqueIdentifier>
    </Filter>
    <Filter Include="Source Files\Chapter02">
      <UniqueIdentifier>{58b341f4-ed07-4dc1-b08c-f38dfbefb999}</UniqueIdentifier>
    </Filter>
    <Filter Include="Source Files\Common">
      <UniqueIdentifier>{e56b193f-e294-4222-b7b1-7c29bee1c4b5}</UniqueIdentifier>
    </Filter>
    <Filter Include="Source Files\Chapter03">
      <UniqueIdentifier>{eb91655a-aa63-4e9a-b160-47029037cc55}</UniqueIdentifier>
    </Filter>
    <Filter Include="Source Files\Chapter04">
      <UniqueIdentifier>{84268f8d-3472-44cd-8573-d244750a7c11}</UniqueIdentifier>
    </Filter>
    <Filter Include="Source Files\Chapter05">
      <UniqueIdentifier>{52f4d609-e12e-40da-81a7-f0053f629b5a}</UniqueIdentifier>
    </Filter>
    <Filter Include="Source Files\Miscellaneous">
      <UniqueIdentifier>{2ddfdc83-e54d-4d67-8aa6-9309de9c1e7c}</UniqueIdentifier>
    </Filter>
    <Filter Include="Source Files\Chapter05\Example_05_01">
      <UniqueIdentifier>{5928016a-f6cb-4ed8-9841-16b8ef24659b}</UniqueIdentifier>
    </Filter>
    <Filter Include="Source Files\Chapter05\Example_05_02">
      <UniqueIdentifier>{c1775315-e48c-4bb4-af55-8a6fa5a6f003}</UniqueIdentifier>
    </Filter>
    <Filter Include="Source Files\Chapter05\Example_05_03">
      <UniqueIdentifier>{10f05b15-bcca-4a1a-9dae-774ae206492f}</UniqueIdentifier>
    </Filter>
    <Filter Include="Source Files\Chapter05\Example_05_04">
      <UniqueIdentifier>{d9dd6eb1-62da-4a83-b6f0-0f1275e50efa}</UniqueIdentifier>
    </Filter>
    <Filter Include="Source Files\Chapter05\Example_05_05">
      <UniqueIdentifier>{f2f436dc-7c10-4a46-be2d-faffab8f8131}</UniqueIdentifier>
    </Filter>
    <Filter Include="Source Files\Chapter05\Example_05_06">
      <UniqueIdentifier>{ae1337c5-bcd2-48e5-8269-fc2b0f92cfdb}</UniqueIdentifier>
    </Filter>
    <Filter Include="Source Files\Chapter05\Example_05_07">
      <UniqueIdentifier>{60453a00-c335-4217-b85a-a5de0390531c}</UniqueIdentifier>
    </Filter>
    <Filter Include="Source Files\Chapter05\Example_05_08">
      <UniqueIdentifier>{f568bee7-c905-444a-891e-c93596622f59}</UniqueIdentifier>
    </Filter>
    <Filter Include="Source Files\Chapter05\Example_05_09">
      <UniqueIdentifier>{1b1b67e4-b79d-4c06-9d12-906f1e9cae2a}</UniqueIdentifier>
    </Filter>
    <Filter Include="Source Files\Chapter05\Example_05_10">
      <UniqueIdentifier>{4b83cfbc-6aad-4fbc-864a-3cde3e8aa98f}</UniqueIdentifier>
    </Filter>
    <Filter Include="Source Files\Chapter05\Example_05_11">
      <UniqueIdentifier>{3a9d79d1-09de-45c9-a377-5efd92ef06d4}</UniqueIdentifier>
    </Filter>
    <Filter Include="Source Files\Chapter05\Example_05_12">
      <UniqueIdentifier>{f132f14a-d010-4d56-a43b-f84ab8ed8943}</UniqueIdentifier>
    </Filter>
    <Filter Include="Source Files\Chapter05\Example_05_13">
      <UniqueIdentifier>{ad49495a-332f-445a-8a38-139e09485b8b}</UniqueIdentifier>
    </Filter>
    <Filter Include="Source Files\Chapter05\Example_05_14">
      <UniqueIdentifier>{e1ae60f2-c342-4309-bcf5-890278f57a6f}</UniqueIdentifier>
    </Filter>
    <Filter Include="Source Files\Chapter07">
      <UniqueIdentifier>{1044e5b1-660c-456d-b049-7e18f0ed8f06}</UniqueIdentifier>
    </Filter>
    <Filter Include="Source Files\Chapter07\Example_07_01">
      <UniqueIdentifier>{4970ed48-cee9-4e22-a141-56dc87c72eb7}</UniqueIdentifier>
    </Filter>
    <Filter Include="Source Files\Chapter07\Example_07_02">
      <UniqueIdentifier>{f120ea9b-31ef-4fcb-9223-dcc9c6f2c598}</UniqueIdentifier>
    </Filter>
    <Filter Include="Source Files\Chapter04\Example_04_01">
      <UniqueIdentifier>{4a751bb3-0af6-4654-8c4c-61af346c3c9f}</UniqueIdentifier>
    </Filter>
    <Filter Include="Source Files\Chapter04\Example_04_02">
      <UniqueIdentifier>{76ad8f1a-5a6d-4d35-9bdc-e5f44d08de8c}</UniqueIdentifier>
    </Filter>
    <Filter Include="Source Files\Chapter04\Example_04_04">
      <UniqueIdentifier>{19a0a95a-575f-44fd-bcd2-87734f0bd2fa}</UniqueIdentifier>
    </Filter>
    <Filter Include="Source Files\Chapter04\Example_04_03">
      <UniqueIdentifier>{18712656-69dd-4473-827d-9b53665afcc1}</UniqueIdentifier>
    </Filter>
    <Filter Include="Source Files\Chapter04\Example_04_05">
      <UniqueIdentifier>{a536c7be-403b-40c5-9111-0a6f07aaacdf}</UniqueIdentifier>
    </Filter>
    <Filter Include="Source Files\Chapter04\Example_04_06">
      <UniqueIdentifier>{73f0bece-4775-44bb-890b-54574b456972}</UniqueIdentifier>
    </Filter>
    <Filter Include="Source Files\Chapter04\Example_04_07">
      <UniqueIdentifier>{87411a53-05f3-4920-be22-4a05d868642a}</UniqueIdentifier>
    </Filter>
    <Filter Include="Source Files\Chapter04\Example_04_08">
      <UniqueIdentifier>{247251be-fa59-49a4-b1fb-bf899617b036}</UniqueIdentifier>
    </Filter>
    <Filter Include="Source Files\Chapter07\Example_07_03">
      <UniqueIdentifier>{61f0cf61-008b-4906-a948-d76af5307356}</UniqueIdentifier>
    </Filter>
    <Filter Include="Source Files\Chapter08">
      <UniqueIdentifier>{6d572286-e066-4064-992d-ebc17d93907f}</UniqueIdentifier>
    </Filter>
    <Filter Include="Source Files\Chapter08\Example_08_01">
      <UniqueIdentifier>{25382b51-ebb0-4837-b3d0-ff68be07c6f5}</UniqueIdentifier>
    </Filter>
    <Filter Include="Source Files\Chapter08\Example_08_02">
      <UniqueIdentifier>{c40f7c2a-f2cd-43e7-8743-25c56d469347}</UniqueIdentifier>
    </Filter>
    <Filter Include="Source Files\Chapter08\Example_08_03">
      <UniqueIdentifier>{55e99119-e889-4d8f-898f-87f3a243d7a4}</UniqueIdentifier>
    </Filter>
    <Filter Include="Source Files\Chapter08\Example_08_04">
      <UniqueIdentifier>{e27c2cce-ff0f-4c5f-be82-e261123f057b}</UniqueIdentifier>
    </Filter>
    <Filter Include="Source Files\Chapter08\Example_08_05">
      <UniqueIdentifier>{b9270c75-8800-4843-8006-716f204bafba}</UniqueIdentifier>
    </Filter>
    <Filter Include="Source Files\Chapter08\Example_08_06">
      <UniqueIdentifier>{75498d2e-c4da-48a3-bf8f-8fc2e4252c87}</UniqueIdentifier>
    </Filter>
    <Filter Include="Source Files\Chapter08\Example_08_07">
      <UniqueIdentifier>{c67d3910-f706-4ccd-b8a1-70b04a67ee97}</UniqueIdentifier>
    </Filter>
    <Filter Include="Source Files\Chapter08\Example_08_08">
      <UniqueIdentifier>{bc4a1290-26d1-499c-996b-c0d88b0b7ae1}</UniqueIdentifier>
    </Filter>
    <Filter Include="Source Files\Chapter08\Example_08_09">
      <UniqueIdentifier>{51d99721-8c77-45ea-b9dc-e721d864167d}</UniqueIdentifier>
    </Filter>
    <Filter Include="Source Files\Chapter01\Example_01_01">
      <UniqueIdentifier>{83f8f57f-ebfe-4d7c-8b37-4fb76e688c07}</UniqueIdentifier>
    </Filter>
    <Filter Include="Source Files\Chapter01\Example_01_02">
      <UniqueIdentifier>{5b354666-d2a5-4b97-848d-2d28317c24ff}</UniqueIdentifier>
    </Filter>
    <Filter Include="Source Files\Chapter01\Example_01_03">
      <UniqueIdentifier>{bdb34285-08de-4aef-ace2-bfef23936e5a}</UniqueIdentifier>
    </Filter>
    <Filter Include="Source Files\Chapter01\Example_01_04">
      <UniqueIdentifier>{c8b0f9fa-d7c5-4baa-a2b5-321af5a425f2}</UniqueIdentifier>
    </Filter>
    <Filter Include="Source Files\Chapter01\Example_01_05">
      <UniqueIdentifier>{9b2ebeae-776b-4105-a341-8a9ace048abf}</UniqueIdentifier>
    </Filter>
    <Filter Include="Source Files\Chapter01\Example_01_06">
      <UniqueIdentifier>{4b3b163a-8259-47fa-b476-66faa9b0f78a}</UniqueIdentifier>
    </Filter>
    <Filter Include="Source Files\Chapter01\Example_01_07">
      <UniqueIdentifier>{3545ee17-ac61-430d-8df0-c2c4d4656e48}</UniqueIdentifier>
    </Filter>
    <Filter Include="Source Files\Chapter01\Example_01_08">
      <UniqueIdentifier>{b07c8de6-45f6-498d-b14b-bee084c59cb0}</UniqueIdentifier>
    </Filter>
    <Filter Include="Source Files\Chapter01\Example_01_09">
      <UniqueIdentifier>{d1cb8ada-bf20-4d54-a6c9-91e30393962b}</UniqueIdentifier>
    </Filter>
    <Filter Include="Source Files\Chapter01\Example_01_10">
      <UniqueIdentifier>{bf62f44a-6e22-41cf-a094-6e08454cd402}</UniqueIdentifier>
    </Filter>
    <Filter Include="Source Files\Chapter02\Example_02_01">
      <UniqueIdentifier>{1b9a8cfd-3312-4cec-90a7-2449e77ef149}</UniqueIdentifier>
    </Filter>
    <Filter Include="Source Files\Chapter02\Example_02_02">
      <UniqueIdentifier>{5ad0cef1-9740-40af-bf54-b24e0ad741bf}</UniqueIdentifier>
    </Filter>
    <Filter Include="Source Files\Chapter02\Example_02_03">
      <UniqueIdentifier>{86eca9ca-103c-4fe0-b911-e04731647b7f}</UniqueIdentifier>
    </Filter>
    <Filter Include="Source Files\Chapter02\Example_02_04">
      <UniqueIdentifier>{f69ec9ec-cf34-4bef-b6dd-1ec80b43145f}</UniqueIdentifier>
    </Filter>
    <Filter Include="Source Files\Chapter02\Example_02_05">
      <UniqueIdentifier>{cb150a5d-48ad-4f06-9119-e85290aaf6b7}</UniqueIdentifier>
    </Filter>
    <Filter Include="Source Files\Chapter02\Example_02_06">
      <UniqueIdentifier>{4d422547-f5e7-4e9a-beba-321b3b514631}</UniqueIdentifier>
    </Filter>
    <Filter Include="Source Files\Chapter02\Example_02_07">
      <UniqueIdentifier>{6a7fdcd7-6434-43ae-91df-15b49d7fea3a}</UniqueIdentifier>
    </Filter>
    <Filter Include="Source Files\Chapter02\Example_02_08">
      <UniqueIdentifier>{3a3078a6-833e-43ae-98cd-be43e2fd240a}</UniqueIdentifier>
    </Filter>
    <Filter Include="Source Files\Chapter02\Example_02_09">
      <UniqueIdentifier>{8871dcfe-4bc2-4849-ae66-f9afb6032a61}</UniqueIdentifier>
    </Filter>
    <Filter Include="Source Files\Chapter03\Example_03_01">
      <UniqueIdentifier>{5a92cb1e-7b8a-4e9a-8fbe-74285170231d}</UniqueIdentifier>
    </Filter>
    <Filter Include="Source Files\Chapter03\Example_03_02">
      <UniqueIdentifier>{a8c1233c-047c-4979-b3e8-759d3e1045fc}</UniqueIdentifier>
    </Filter>
    <Filter Include="Source Files\Chapter03\Example_03_03">
      <UniqueIdentifier>{44e1825e-bbaf-4a0a-94ad-24055f78d330}</UniqueIdentifier>
    </Filter>
    <Filter Include="Source Files\Chapter03\Example_03_04">
      <UniqueIdentifier>{ab206dde-9d24-4d04-907a-6860f52ed999}</UniqueIdentifier>
    </Filter>
    <Filter Include="Source Files\Chapter03\Example_03_05">
      <UniqueIdentifier>{a1088a94-fe21-4483-b6b2-28ee7c923137}</UniqueIdentifier>
    </Filter>
    <Filter Include="Source Files\Chapter03\Example_03_06">
      <UniqueIdentifier>{61aca18e-7e97-4bb5-b7e3-019f6b5bf0c0}</UniqueIdentifier>
    </Filter>
    <Filter Include="Source Files\Chapter03\Example_03_07">
      <UniqueIdentifier>{5ba8c04d-0457-493f-a7ee-60de9848979e}</UniqueIdentifier>
    </Filter>
    <Filter Include="Source Files\Chapter03\Example_03_08">
      <UniqueIdentifier>{c558ca32-961b-47d1-bd04-9c1ac164cf82}</UniqueIdentifier>
    </Filter>
    <Filter Include="Source Files\Chapter03\Example_03_09">
      <UniqueIdentifier>{8dbc98c0-7b11-419b-ae6a-b159bccc625b}</UniqueIdentifier>
    </Filter>
    <Filter Include="Source Files\Chapter03\Example_03_10">
      <UniqueIdentifier>{726988f3-0084-4f0f-95ed-e67f4ec92742}</UniqueIdentifier>
    </Filter>
    <Filter Include="Source Files\Chapter03\Example_03_11">
      <UniqueIdentifier>{baf74941-fbe0-4685-9191-1a0ffc49bef0}</UniqueIdentifier>
    </Filter>
    <Filter Include="Source Files\Chapter09">
      <UniqueIdentifier>{eb92baee-f481-4529-8e4c-f02f9bdff73d}</UniqueIdentifier>
    </Filter>
    <Filter Include="Source Files\Chapter09\Example_09_01">
      <UniqueIdentifier>{45ee200b-c950-4c55-9f71-7694ba34169a}</UniqueIdentifier>
    </Filter>
    <Filter Include="Source Files\Chapter09\Example_09_02">
      <UniqueIdentifier>{08ea9665-b779-4d61-b639-faa1e2f8e5f1}</UniqueIdentifier>
    </Filter>
  </ItemGroup>
  <ItemGroup>
    <ClInclude Include="Common\PerlinNoise2D.h">
      <Filter>Source Files\Common</Filter>
    </ClInclude>
    <ClInclude Include="Common\Vector.h">
      <Filter>Source Files\Common</Filter>
    </ClInclude>
    <ClInclude Include="Common\P5SDL.h">
      <Filter>Source Files\Common</Filter>
    </ClInclude>
    <ClInclude Include="Chapter05\Example_05_01_Sketch.h">
      <Filter>Source Files\Chapter05\Example_05_01</Filter>
    </ClInclude>
    <ClInclude Include="Chapter05\Example_05_01_Vehicle.h">
      <Filter>Source Files\Chapter05\Example_05_01</Filter>
    </ClInclude>
    <ClInclude Include="Chapter05\Example_05_02_Sketch.h">
      <Filter>Source Files\Chapter05\Example_05_02</Filter>
    </ClInclude>
    <ClInclude Include="Chapter05\Example_05_02_Vehicle.h">
      <Filter>Source Files\Chapter05\Example_05_02</Filter>
    </ClInclude>
    <ClInclude Include="Chapter05\Example_05_03_Sketch.h">
      <Filter>Source Files\Chapter05\Example_05_03</Filter>
    </ClInclude>
    <ClInclude Include="Chapter05\Example_05_03_Vehicle.h">
      <Filter>Source Files\Chapter05\Example_05_03</Filter>
    </ClInclude>
    <ClInclude Include="Chapter05\Example_05_04_FlowField.h">
      <Filter>Source Files\Chapter05\Example_05_04</Filter>
    </ClInclude>
    <ClInclude Include="Chapter05\Example_05_04_Sketch.h">
      <Filter>Source Files\Chapter05\Example_05_04</Filter>
    </ClInclude>
    <ClInclude Include="Chapter05\Example_05_04_Vehicle.h">
      <Filter>Source Files\Chapter05\Example_05_04</Filter>
    </ClInclude>
    <ClInclude Include="Chapter05\Example_05_05_Path.h">
      <Filter>Source Files\Chapter05\Example_05_05</Filter>
    </ClInclude>
    <ClInclude Include="Chapter05\Example_05_05_Sketch.h">
      <Filter>Source Files\Chapter05\Example_05_05</Filter>
    </ClInclude>
    <ClInclude Include="Chapter05\Example_05_06_Path.h">
      <Filter>Source Files\Chapter05\Example_05_06</Filter>
    </ClInclude>
    <ClInclude Include="Chapter05\Example_05_06_Sketch.h">
      <Filter>Source Files\Chapter05\Example_05_06</Filter>
    </ClInclude>
    <ClInclude Include="Chapter05\Example_05_06_Vehicle.h">
      <Filter>Source Files\Chapter05\Example_05_06</Filter>
    </ClInclude>
    <ClInclude Include="Chapter05\Example_05_07_Path.h">
      <Filter>Source Files\Chapter05\Example_05_07</Filter>
    </ClInclude>
    <ClInclude Include="Chapter05\Example_05_07_Sketch.h">
      <Filter>Source Files\Chapter05\Example_05_07</Filter>
    </ClInclude>
    <ClInclude Include="Chapter05\Example_05_08_Path.h">
      <Filter>Source Files\Chapter05\Example_05_08</Filter>
    </ClInclude>
    <ClInclude Include="Chapter05\Example_05_08_Sketch.h">
      <Filter>Source Files\Chapter05\Example_05_08</Filter>
    </ClInclude>
    <ClInclude Include="Chapter05\Example_05_08_Vehicle.h">
      <Filter>Source Files\Chapter05\Example_05_08</Filter>
    </ClInclude>
    <ClInclude Include="Chapter05\Example_05_09_Sketch.h">
      <Filter>Source Files\Chapter05\Example_05_09</Filter>
    </ClInclude>
    <ClInclude Include="Chapter05\Example_05_09_Vehicle.h">
      <Filter>Source Files\Chapter05\Example_05_09</Filter>
    </ClInclude>
    <ClInclude Include="Chapter05\Example_05_10_Sketch.h">
      <Filter>Source Files\Chapter05\Example_05_10</Filter>
    </ClInclude>
    <ClInclude Include="Chapter05\Example_05_10_Vehicle.h">
      <Filter>Source Files\Chapter05\Example_05_10</Filter>
    </ClInclude>
    <ClInclude Include="Chapter05\Example_05_11_Boid.h">
      <Filter>Source Files\Chapter05\Example_05_11</Filter>
    </ClInclude>
    <ClInclude Include="Chapter05\Example_05_11_Flock.h">
      <Filter>Source Files\Chapter05\Example_05_11</Filter>
    </ClInclude>
    <ClInclude Include="Chapter05\Example_05_11_Sketch.h">
      <Filter>Source Files\Chapter05\Example_05_11</Filter>
    </ClInclude>
    <ClInclude Include="Chapter05\Example_05_12_Boid.h">
      <Filter>Source Files\Chapter05\Example_05_12</Filter>
    </ClInclude>
    <ClInclude Include="Chapter05\Example_05_12_Flock.h">
      <Filter>Source Files\Chapter05\Example_05_12</Filter>
    </ClInclude>
    <ClInclude Include="Chapter05\Example_05_12_Sketch.h">
      <Filter>Source Files\Chapter05\Example_05_12</Filter>
    </ClInclude>
    <ClInclude Include="Miscellaneous\CircleTest.h">
      <Filter>Source Files\Miscellaneous</Filter>
    </ClInclude>
    <ClInclude Include="Miscellaneous\CopyExample.h">
      <Filter>Source Files\Miscellaneous</Filter>
    </ClInclude>
    <ClInclude Include="Miscellaneous\GenerateExampleInitialCode.h">
      <Filter>Source Files\Miscellaneous</Filter>
    </ClInclude>
    <ClInclude Include="Chapter05\Example_05_13_Sketch.h">
      <Filter>Source Files\Chapter05\Example_05_13</Filter>
    </ClInclude>
    <ClInclude Include="Chapter05\Example_05_13_Quadtree.h">
      <Filter>Source Files\Chapter05\Example_05_13</Filter>
    </ClInclude>
    <ClInclude Include="Chapter05\Example_05_14_Sketch.h">
      <Filter>Source Files\Chapter05\Example_05_14</Filter>
    </ClInclude>
    <ClInclude Include="Chapter07\Example_07_01_Sketch.h">
      <Filter>Source Files\Chapter07\Example_07_01</Filter>
    </ClInclude>
    <ClInclude Include="Chapter07\Example_07_02_Sketch.h">
      <Filter>Source Files\Chapter07\Example_07_02</Filter>
    </ClInclude>
    <ClInclude Include="Chapter04\Example_04_01_Particle.h">
      <Filter>Source Files\Chapter04\Example_04_01</Filter>
    </ClInclude>
    <ClInclude Include="Chapter04\Example_04_01_Sketch.h">
      <Filter>Source Files\Chapter04\Example_04_01</Filter>
    </ClInclude>
    <ClInclude Include="Chapter04\Example_04_02_Particle.h">
      <Filter>Source Files\Chapter04\Example_04_02</Filter>
    </ClInclude>
    <ClInclude Include="Chapter04\Example_04_02_Sketch.h">
      <Filter>Source Files\Chapter04\Example_04_02</Filter>
    </ClInclude>
    <ClInclude Include="Chapter04\Example_04_03_Emitter.h">
      <Filter>Source Files\Chapter04\Example_04_03</Filter>
    </ClInclude>
    <ClInclude Include="Chapter04\Example_04_03_Particle.h">
      <Filter>Source Files\Chapter04\Example_04_03</Filter>
    </ClInclude>
    <ClInclude Include="Chapter04\Example_04_03_Sketch.h">
      <Filter>Source Files\Chapter04\Example_04_03</Filter>
    </ClInclude>
    <ClInclude Include="Chapter04\Example_04_04_Emitter.h">
      <Filter>Source Files\Chapter04\Example_04_04</Filter>
    </ClInclude>
    <ClInclude Include="Chapter04\Example_04_04_Particle.h">
      <Filter>Source Files\Chapter04\Example_04_04</Filter>
    </ClInclude>
    <ClInclude Include="Chapter04\Example_04_04_Sketch.h">
      <Filter>Source Files\Chapter04\Example_04_04</Filter>
    </ClInclude>
    <ClInclude Include="Chapter04\Example_04_05_Confetti.h">
      <Filter>Source Files\Chapter04\Example_04_05</Filter>
    </ClInclude>
    <ClInclude Include="Chapter04\Example_04_05_Emitter.h">
      <Filter>Source Files\Chapter04\Example_04_05</Filter>
    </ClInclude>
    <ClInclude Include="Chapter04\Example_04_05_Particle.h">
      <Filter>Source Files\Chapter04\Example_04_05</Filter>
    </ClInclude>
    <ClInclude Include="Chapter04\Example_04_05_Sketch.h">
      <Filter>Source Files\Chapter04\Example_04_05</Filter>
    </ClInclude>
    <ClInclude Include="Chapter04\Example_04_06_Emitter.h">
      <Filter>Source Files\Chapter04\Example_04_06</Filter>
    </ClInclude>
    <ClInclude Include="Chapter04\Example_04_06_Particle.h">
      <Filter>Source Files\Chapter04\Example_04_06</Filter>
    </ClInclude>
    <ClInclude Include="Chapter04\Example_04_06_Sketch.h">
      <Filter>Source Files\Chapter04\Example_04_06</Filter>
    </ClInclude>
    <ClInclude Include="Chapter04\Example_04_07_Emitter.h">
      <Filter>Source Files\Chapter04\Example_04_07</Filter>
    </ClInclude>
    <ClInclude Include="Chapter04\Example_04_07_Particle.h">
      <Filter>Source Files\Chapter04\Example_04_07</Filter>
    </ClInclude>
    <ClInclude Include="Chapter04\Example_04_07_Repeller.h">
      <Filter>Source Files\Chapter04\Example_04_07</Filter>
    </ClInclude>
    <ClInclude Include="Chapter04\Example_04_07_Sketch.h">
      <Filter>Source Files\Chapter04\Example_04_07</Filter>
    </ClInclude>
    <ClInclude Include="Chapter04\Example_04_08_Emitter.h">
      <Filter>Source Files\Chapter04\Example_04_08</Filter>
    </ClInclude>
    <ClInclude Include="Chapter04\Example_04_08_Particle.h">
      <Filter>Source Files\Chapter04\Example_04_08</Filter>
    </ClInclude>
    <ClInclude Include="Chapter04\Example_04_08_Sketch.h">
      <Filter>Source Files\Chapter04\Example_04_08</Filter>
    </ClInclude>
    <ClInclude Include="Chapter07\Example_07_03_Sketch.h">
      <Filter>Source Files\Chapter07\Example_07_03</Filter>
    </ClInclude>
    <ClInclude Include="Chapter07\Example_07_03_Cell.h">
      <Filter>Source Files\Chapter07\Example_07_03</Filter>
    </ClInclude>
    <ClInclude Include="Chapter08\Example_08_01_Sketch.h">
      <Filter>Source Files\Chapter08\Example_08_01</Filter>
    </ClInclude>
    <ClInclude Include="Chapter08\Example_08_02_Sketch.h">
      <Filter>Source Files\Chapter08\Example_08_02</Filter>
    </ClInclude>
    <ClInclude Include="Chapter08\Example_08_03_Sketch.h">
      <Filter>Source Files\Chapter08\Example_08_03</Filter>
    </ClInclude>
    <ClInclude Include="Chapter08\Example_08_04_Sketch.h">
      <Filter>Source Files\Chapter08\Example_08_04</Filter>
    </ClInclude>
    <ClInclude Include="Chapter08\Example_08_05_Sketch.h">
      <Filter>Source Files\Chapter08\Example_08_05</Filter>
    </ClInclude>
    <ClInclude Include="Chapter08\Example_08_05_KochLine.h">
      <Filter>Source Files\Chapter08\Example_08_05</Filter>
    </ClInclude>
    <ClInclude Include="Chapter08\Example_08_06_Sketch.h">
      <Filter>Source Files\Chapter08\Example_08_06</Filter>
    </ClInclude>
    <ClInclude Include="Chapter08\Example_08_07_Sketch.h">
      <Filter>Source Files\Chapter08\Example_08_07</Filter>
    </ClInclude>
    <ClInclude Include="Chapter08\Example_08_08_Sketch.h">
      <Filter>Source Files\Chapter08\Example_08_08</Filter>
    </ClInclude>
    <ClInclude Include="Chapter08\Example_08_09_Sketch.h">
      <Filter>Source Files\Chapter08\Example_08_09</Filter>
    </ClInclude>
    <ClInclude Include="Chapter08\Example_08_09_LSystem.h">
      <Filter>Source Files\Chapter08\Example_08_09</Filter>
    </ClInclude>
    <ClInclude Include="Chapter08\Example_08_09_Turtle.h">
      <Filter>Source Files\Chapter08\Example_08_09</Filter>
    </ClInclude>
    <ClInclude Include="Chapter01\Example_01_01_Sketch.h">
      <Filter>Source Files\Chapter01\Example_01_01</Filter>
    </ClInclude>
    <ClInclude Include="Chapter01\Example_01_02_Sketch.h">
      <Filter>Source Files\Chapter01\Example_01_02</Filter>
    </ClInclude>
    <ClInclude Include="Chapter01\Example_01_03_Sketch.h">
      <Filter>Source Files\Chapter01\Example_01_03</Filter>
    </ClInclude>
    <ClInclude Include="Chapter01\Example_01_04_Sketch.h">
      <Filter>Source Files\Chapter01\Example_01_04</Filter>
    </ClInclude>
    <ClInclude Include="Chapter01\Example_01_05_Sketch.h">
      <Filter>Source Files\Chapter01\Example_01_05</Filter>
    </ClInclude>
    <ClInclude Include="Chapter01\Example_01_06_Sketch.h">
      <Filter>Source Files\Chapter01\Example_01_06</Filter>
    </ClInclude>
    <ClInclude Include="Chapter01\Example_01_07_Mover.h">
      <Filter>Source Files\Chapter01\Example_01_07</Filter>
    </ClInclude>
    <ClInclude Include="Chapter01\Example_01_07_Sketch.h">
      <Filter>Source Files\Chapter01\Example_01_07</Filter>
    </ClInclude>
    <ClInclude Include="Chapter01\Example_01_08_Mover.h">
      <Filter>Source Files\Chapter01\Example_01_08</Filter>
    </ClInclude>
    <ClInclude Include="Chapter01\Example_01_08_Sketch.h">
      <Filter>Source Files\Chapter01\Example_01_08</Filter>
    </ClInclude>
    <ClInclude Include="Chapter01\Example_01_09_Mover.h">
      <Filter>Source Files\Chapter01\Example_01_09</Filter>
    </ClInclude>
    <ClInclude Include="Chapter01\Example_01_09_Sketch.h">
      <Filter>Source Files\Chapter01\Example_01_09</Filter>
    </ClInclude>
    <ClInclude Include="Chapter01\Example_01_10_Mover.h">
      <Filter>Source Files\Chapter01\Example_01_10</Filter>
    </ClInclude>
    <ClInclude Include="Chapter01\Example_01_10_Sketch.h">
      <Filter>Source Files\Chapter01\Example_01_10</Filter>
    </ClInclude>
    <ClInclude Include="Chapter02\Example_02_01_Mover.h">
      <Filter>Source Files\Chapter02\Example_02_01</Filter>
    </ClInclude>
    <ClInclude Include="Chapter02\Example_02_01_Sketch.h">
      <Filter>Source Files\Chapter02\Example_02_01</Filter>
    </ClInclude>
    <ClInclude Include="Chapter02\Example_02_02_Mover.h">
      <Filter>Source Files\Chapter02\Example_02_02</Filter>
    </ClInclude>
    <ClInclude Include="Chapter02\Example_02_02_Sketch.h">
      <Filter>Source Files\Chapter02\Example_02_02</Filter>
    </ClInclude>
    <ClInclude Include="Chapter02\Example_02_03_Mover.h">
      <Filter>Source Files\Chapter02\Example_02_03</Filter>
    </ClInclude>
    <ClInclude Include="Chapter02\Example_02_03_Sketch.h">
      <Filter>Source Files\Chapter02\Example_02_03</Filter>
    </ClInclude>
    <ClInclude Include="Chapter02\Example_02_04_Mover.h">
      <Filter>Source Files\Chapter02\Example_02_04</Filter>
    </ClInclude>
    <ClInclude Include="Chapter02\Example_02_04_Sketch.h">
      <Filter>Source Files\Chapter02\Example_02_04</Filter>
    </ClInclude>
    <ClInclude Include="Chapter02\Example_02_05_Liquid.h">
      <Filter>Source Files\Chapter02\Example_02_05</Filter>
    </ClInclude>
    <ClInclude Include="Chapter02\Example_02_05_Mover.h">
      <Filter>Source Files\Chapter02\Example_02_05</Filter>
    </ClInclude>
    <ClInclude Include="Chapter02\Example_02_05_Sketch.h">
      <Filter>Source Files\Chapter02\Example_02_05</Filter>
    </ClInclude>
    <ClInclude Include="Chapter02\Example_02_06_Attractor.h">
      <Filter>Source Files\Chapter02\Example_02_06</Filter>
    </ClInclude>
    <ClInclude Include="Chapter02\Example_02_06_Mover.h">
      <Filter>Source Files\Chapter02\Example_02_06</Filter>
    </ClInclude>
    <ClInclude Include="Chapter02\Example_02_06_Sketch.h">
      <Filter>Source Files\Chapter02\Example_02_06</Filter>
    </ClInclude>
    <ClInclude Include="Chapter02\Example_02_07_Attractor.h">
      <Filter>Source Files\Chapter02\Example_02_07</Filter>
    </ClInclude>
    <ClInclude Include="Chapter02\Example_02_07_Mover.h">
      <Filter>Source Files\Chapter02\Example_02_07</Filter>
    </ClInclude>
    <ClInclude Include="Chapter02\Example_02_07_Sketch.h">
      <Filter>Source Files\Chapter02\Example_02_07</Filter>
    </ClInclude>
    <ClInclude Include="Chapter02\Example_02_08_Body.h">
      <Filter>Source Files\Chapter02\Example_02_08</Filter>
    </ClInclude>
    <ClInclude Include="Chapter02\Example_02_08_Sketch.h">
      <Filter>Source Files\Chapter02\Example_02_08</Filter>
    </ClInclude>
    <ClInclude Include="Chapter02\Example_02_09_Body.h">
      <Filter>Source Files\Chapter02\Example_02_09</Filter>
    </ClInclude>
    <ClInclude Include="Chapter02\Example_02_09_Sketch.h">
      <Filter>Source Files\Chapter02\Example_02_09</Filter>
    </ClInclude>
    <ClInclude Include="Chapter03\Example_03_01_Sketch.h">
      <Filter>Source Files\Chapter03\Example_03_01</Filter>
    </ClInclude>
    <ClInclude Include="Chapter03\Example_03_02_Attractor.h">
      <Filter>Source Files\Chapter03\Example_03_02</Filter>
    </ClInclude>
    <ClInclude Include="Chapter03\Example_03_02_Mover.h">
      <Filter>Source Files\Chapter03\Example_03_02</Filter>
    </ClInclude>
    <ClInclude Include="Chapter03\Example_03_02_Sketch.h">
      <Filter>Source Files\Chapter03\Example_03_02</Filter>
    </ClInclude>
    <ClInclude Include="Chapter03\Example_03_03_Mover.h">
      <Filter>Source Files\Chapter03\Example_03_03</Filter>
    </ClInclude>
    <ClInclude Include="Chapter03\Example_03_03_Sketch.h">
      <Filter>Source Files\Chapter03\Example_03_03</Filter>
    </ClInclude>
    <ClInclude Include="Chapter03\Example_03_04_Sketch.h">
      <Filter>Source Files\Chapter03\Example_03_04</Filter>
    </ClInclude>
    <ClInclude Include="Chapter03\Example_03_05_Sketch.h">
      <Filter>Source Files\Chapter03\Example_03_05</Filter>
    </ClInclude>
    <ClInclude Include="Chapter03\Example_03_06_Sketch.h">
      <Filter>Source Files\Chapter03\Example_03_06</Filter>
    </ClInclude>
    <ClInclude Include="Chapter03\Example_03_07_Oscillator.h">
      <Filter>Source Files\Chapter03\Example_03_07</Filter>
    </ClInclude>
    <ClInclude Include="Chapter03\Example_03_07_Sketch.h">
      <Filter>Source Files\Chapter03\Example_03_07</Filter>
    </ClInclude>
    <ClInclude Include="Chapter03\Example_03_08_Sketch.h">
      <Filter>Source Files\Chapter03\Example_03_08</Filter>
    </ClInclude>
    <ClInclude Include="Chapter03\Example_03_09_Sketch.h">
      <Filter>Source Files\Chapter03\Example_03_09</Filter>
    </ClInclude>
    <ClInclude Include="Chapter03\Example_03_10_Bob.h">
      <Filter>Source Files\Chapter03\Example_03_10</Filter>
    </ClInclude>
    <ClInclude Include="Chapter03\Example_03_10_Sketch.h">
      <Filter>Source Files\Chapter03\Example_03_10</Filter>
    </ClInclude>
    <ClInclude Include="Chapter03\Example_03_10_Spring.h">
      <Filter>Source Files\Chapter03\Example_03_10</Filter>
    </ClInclude>
    <ClInclude Include="Chapter03\Example_03_11_Pendulum.h">
      <Filter>Source Files\Chapter03\Example_03_11</Filter>
    </ClInclude>
    <ClInclude Include="Chapter03\Example_03_11_Sketch.h">
      <Filter>Source Files\Chapter03\Example_03_11</Filter>
    </ClInclude>
    <ClInclude Include="Chapter09\Example_09_01_Sketch.h">
      <Filter>Source Files\Chapter09\Example_09_01</Filter>
    </ClInclude>
    <ClInclude Include="Chapter09\Example_09_01_DNA.h">
      <Filter>Source Files\Chapter09\Example_09_01</Filter>
    </ClInclude>
    <ClInclude Include="Chapter09\Example_09_02_DNA.h">
      <Filter>Source Files\Chapter09\Example_09_02</Filter>
    </ClInclude>
    <ClInclude Include="Chapter09\Example_09_02_Population.h">
      <Filter>Source Files\Chapter09\Example_09_02</Filter>
    </ClInclude>
    <ClInclude Include="Chapter09\Example_09_02_Rocket.h">
      <Filter>Source Files\Chapter09\Example_09_02</Filter>
    </ClInclude>
    <ClInclude Include="Chapter09\Example_09_02_Sketch.h">
      <Filter>Source Files\Chapter09\Example_09_02</Filter>
    </ClInclude>
    <ClInclude Include="Miscellaneous\RectTest.h">
      <Filter>Source Files\Miscellaneous</Filter>
    </ClInclude>
  </ItemGroup>
  <ItemGroup>
    <ClCompile Include="main.cpp">
      <Filter>Source Files</Filter>
    </ClCompile>
    <ClCompile Include="Common\Utils.h">
      <Filter>Source Files\Common</Filter>
    </ClCompile>
    <ClCompile Include="Common\PerlinNoise2D.cpp">
      <Filter>Source Files\Common</Filter>
    </ClCompile>
    <ClCompile Include="Common\Vector.cpp">
      <Filter>Source Files\Common</Filter>
    </ClCompile>
    <ClCompile Include="Common\P5SDL.cpp">
      <Filter>Source Files\Common</Filter>
    </ClCompile>
    <ClCompile Include="Chapter05\Example_05_01_Sketch.cpp">
      <Filter>Source Files\Chapter05\Example_05_01</Filter>
    </ClCompile>
    <ClCompile Include="Chapter05\Example_05_01_Vehicle.cpp">
      <Filter>Source Files\Chapter05\Example_05_01</Filter>
    </ClCompile>
    <ClCompile Include="Chapter05\Example_05_02_Sketch.cpp">
      <Filter>Source Files\Chapter05\Example_05_02</Filter>
    </ClCompile>
    <ClCompile Include="Chapter05\Example_05_02_Vehicle.cpp">
      <Filter>Source Files\Chapter05\Example_05_02</Filter>
    </ClCompile>
    <ClCompile Include="Chapter05\Example_05_03_Sketch.cpp">
      <Filter>Source Files\Chapter05\Example_05_03</Filter>
    </ClCompile>
    <ClCompile Include="Chapter05\Example_05_03_Vehicle.cpp">
      <Filter>Source Files\Chapter05\Example_05_03</Filter>
    </ClCompile>
    <ClCompile Include="Chapter05\Example_05_04_FlowField.cpp">
      <Filter>Source Files\Chapter05\Example_05_04</Filter>
    </ClCompile>
    <ClCompile Include="Chapter05\Example_05_04_Sketch.cpp">
      <Filter>Source Files\Chapter05\Example_05_04</Filter>
    </ClCompile>
    <ClCompile Include="Chapter05\Example_05_04_Vehicle.cpp">
      <Filter>Source Files\Chapter05\Example_05_04</Filter>
    </ClCompile>
    <ClCompile Include="Chapter05\Example_05_05_Path.cpp">
      <Filter>Source Files\Chapter05\Example_05_05</Filter>
    </ClCompile>
    <ClCompile Include="Chapter05\Example_05_05_Sketch.cpp">
      <Filter>Source Files\Chapter05\Example_05_05</Filter>
    </ClCompile>
    <ClCompile Include="Chapter05\Example_05_06_Path.cpp">
      <Filter>Source Files\Chapter05\Example_05_06</Filter>
    </ClCompile>
    <ClCompile Include="Chapter05\Example_05_06_Sketch.cpp">
      <Filter>Source Files\Chapter05\Example_05_06</Filter>
    </ClCompile>
    <ClCompile Include="Chapter05\Example_05_06_Vehicle.cpp">
      <Filter>Source Files\Chapter05\Example_05_06</Filter>
    </ClCompile>
    <ClCompile Include="Chapter05\Example_05_07_Path.cpp">
      <Filter>Source Files\Chapter05\Example_05_07</Filter>
    </ClCompile>
    <ClCompile Include="Chapter05\Example_05_07_Sketch.cpp">
      <Filter>Source Files\Chapter05\Example_05_07</Filter>
    </ClCompile>
    <ClCompile Include="Chapter05\Example_05_08_Path.cpp">
      <Filter>Source Files\Chapter05\Example_05_08</Filter>
    </ClCompile>
    <ClCompile Include="Chapter05\Example_05_08_Sketch.cpp">
      <Filter>Source Files\Chapter05\Example_05_08</Filter>
    </ClCompile>
    <ClCompile Include="Chapter05\Example_05_08_Vehicle.cpp">
      <Filter>Source Files\Chapter05\Example_05_08</Filter>
    </ClCompile>
    <ClCompile Include="Chapter05\Example_05_09_Sketch.cpp">
      <Filter>Source Files\Chapter05\Example_05_09</Filter>
    </ClCompile>
    <ClCompile Include="Chapter05\Example_05_09_Vehicle.cpp">
      <Filter>Source Files\Chapter05\Example_05_09</Filter>
    </ClCompile>
    <ClCompile Include="Chapter05\Example_05_10_Sketch.cpp">
      <Filter>Source Files\Chapter05\Example_05_10</Filter>
    </ClCompile>
    <ClCompile Include="Chapter05\Example_05_10_Vehicle.cpp">
      <Filter>Source Files\Chapter05\Example_05_10</Filter>
    </ClCompile>
    <ClCompile Include="Chapter05\Example_05_11_Boid.cpp">
      <Filter>Source Files\Chapter05\Example_05_11</Filter>
    </ClCompile>
    <ClCompile Include="Chapter05\Example_05_11_Sketch.cpp">
      <Filter>Source Files\Chapter05\Example_05_11</Filter>
    </ClCompile>
    <ClCompile Include="Chapter05\Example_05_12_Boid.cpp">
      <Filter>Source Files\Chapter05\Example_05_12</Filter>
    </ClCompile>
    <ClCompile Include="Chapter05\Example_05_12_Sketch.cpp">
      <Filter>Source Files\Chapter05\Example_05_12</Filter>
    </ClCompile>
    <ClCompile Include="Chapter05\Example_05_11_Flock.cpp">
      <Filter>Source Files\Chapter05\Example_05_11</Filter>
    </ClCompile>
    <ClCompile Include="Chapter05\Example_05_12_Flock.cpp">
      <Filter>Source Files\Chapter05\Example_05_12</Filter>
    </ClCompile>
    <ClCompile Include="Miscellaneous\CircleTest.cpp">
      <Filter>Source Files\Miscellaneous</Filter>
    </ClCompile>
    <ClCompile Include="Miscellaneous\CopyExample.cpp">
      <Filter>Source Files\Miscellaneous</Filter>
    </ClCompile>
    <ClCompile Include="Miscellaneous\GenerateExampleInitialCode.cpp">
      <Filter>Source Files\Miscellaneous</Filter>
    </ClCompile>
    <ClCompile Include="Chapter05\Example_05_13_Sketch.cpp">
      <Filter>Source Files\Chapter05\Example_05_13</Filter>
    </ClCompile>
    <ClCompile Include="Chapter05\Example_05_13_Quadtree.cpp">
      <Filter>Source Files\Chapter05\Example_05_13</Filter>
    </ClCompile>
    <ClCompile Include="Chapter05\Example_05_14_Sketch.cpp">
      <Filter>Source Files\Chapter05\Example_05_14</Filter>
    </ClCompile>
    <ClCompile Include="Chapter07\Example_07_01_Sketch.cpp">
      <Filter>Source Files\Chapter07\Example_07_01</Filter>
    </ClCompile>
    <ClCompile Include="Chapter07\Example_07_02_Sketch.cpp">
      <Filter>Source Files\Chapter07\Example_07_02</Filter>
    </ClCompile>
    <ClCompile Include="Chapter04\Example_04_01_Particle.cpp">
      <Filter>Source Files\Chapter04\Example_04_01</Filter>
    </ClCompile>
    <ClCompile Include="Chapter04\Example_04_01_Sketch.cpp">
      <Filter>Source Files\Chapter04\Example_04_01</Filter>
    </ClCompile>
    <ClCompile Include="Chapter04\Example_04_02_Particle.cpp">
      <Filter>Source Files\Chapter04\Example_04_02</Filter>
    </ClCompile>
    <ClCompile Include="Chapter04\Example_04_02_Sketch.cpp">
      <Filter>Source Files\Chapter04\Example_04_02</Filter>
    </ClCompile>
    <ClCompile Include="Chapter04\Example_04_03_Emitter.cpp">
      <Filter>Source Files\Chapter04\Example_04_03</Filter>
    </ClCompile>
    <ClCompile Include="Chapter04\Example_04_03_Particle.cpp">
      <Filter>Source Files\Chapter04\Example_04_03</Filter>
    </ClCompile>
    <ClCompile Include="Chapter04\Example_04_03_Sketch.cpp">
      <Filter>Source Files\Chapter04\Example_04_03</Filter>
    </ClCompile>
    <ClCompile Include="Chapter04\Example_04_04_Emitter.cpp">
      <Filter>Source Files\Chapter04\Example_04_04</Filter>
    </ClCompile>
    <ClCompile Include="Chapter04\Example_04_04_Particle.cpp">
      <Filter>Source Files\Chapter04\Example_04_04</Filter>
    </ClCompile>
    <ClCompile Include="Chapter04\Example_04_04_Sketch.cpp">
      <Filter>Source Files\Chapter04\Example_04_04</Filter>
    </ClCompile>
    <ClCompile Include="Chapter04\Example_04_05_Confetti.cpp">
      <Filter>Source Files\Chapter04\Example_04_05</Filter>
    </ClCompile>
    <ClCompile Include="Chapter04\Example_04_05_Emitter.cpp">
      <Filter>Source Files\Chapter04\Example_04_05</Filter>
    </ClCompile>
    <ClCompile Include="Chapter04\Example_04_05_Particle.cpp">
      <Filter>Source Files\Chapter04\Example_04_05</Filter>
    </ClCompile>
    <ClCompile Include="Chapter04\Example_04_05_Sketch.cpp">
      <Filter>Source Files\Chapter04\Example_04_05</Filter>
    </ClCompile>
    <ClCompile Include="Chapter04\Example_04_06_Emitter.cpp">
      <Filter>Source Files\Chapter04\Example_04_06</Filter>
    </ClCompile>
    <ClCompile Include="Chapter04\Example_04_06_Particle.cpp">
      <Filter>Source Files\Chapter04\Example_04_06</Filter>
    </ClCompile>
    <ClCompile Include="Chapter04\Example_04_06_Sketch.cpp">
      <Filter>Source Files\Chapter04\Example_04_06</Filter>
    </ClCompile>
    <ClCompile Include="Chapter04\Example_04_07_Emitter.cpp">
      <Filter>Source Files\Chapter04\Example_04_07</Filter>
    </ClCompile>
    <ClCompile Include="Chapter04\Example_04_07_Particle.cpp">
      <Filter>Source Files\Chapter04\Example_04_07</Filter>
    </ClCompile>
    <ClCompile Include="Chapter04\Example_04_07_Repeller.cpp">
      <Filter>Source Files\Chapter04\Example_04_07</Filter>
    </ClCompile>
    <ClCompile Include="Chapter04\Example_04_07_Sketch.cpp">
      <Filter>Source Files\Chapter04\Example_04_07</Filter>
    </ClCompile>
    <ClCompile Include="Chapter04\Example_04_08_Emitter.cpp">
      <Filter>Source Files\Chapter04\Example_04_08</Filter>
    </ClCompile>
    <ClCompile Include="Chapter04\Example_04_08_Particle.cpp">
      <Filter>Source Files\Chapter04\Example_04_08</Filter>
    </ClCompile>
    <ClCompile Include="Chapter04\Example_04_08_Sketch.cpp">
      <Filter>Source Files\Chapter04\Example_04_08</Filter>
    </ClCompile>
    <ClCompile Include="Chapter07\Example_07_03_Sketch.cpp">
      <Filter>Source Files\Chapter07\Example_07_03</Filter>
    </ClCompile>
    <ClCompile Include="Chapter07\Example_07_03_Cell.cpp">
      <Filter>Source Files\Chapter07\Example_07_03</Filter>
    </ClCompile>
    <ClCompile Include="Chapter08\Example_08_01_Sketch.cpp">
      <Filter>Source Files\Chapter08\Example_08_01</Filter>
    </ClCompile>
    <ClCompile Include="Chapter08\Example_08_02_Sketch.cpp">
      <Filter>Source Files\Chapter08\Example_08_02</Filter>
    </ClCompile>
    <ClCompile Include="Chapter08\Example_08_03_Sketch.cpp">
      <Filter>Source Files\Chapter08\Example_08_03</Filter>
    </ClCompile>
    <ClCompile Include="Chapter08\Example_08_04_Sketch.cpp">
      <Filter>Source Files\Chapter08\Example_08_04</Filter>
    </ClCompile>
    <ClCompile Include="Chapter08\Example_08_05_Sketch.cpp">
      <Filter>Source Files\Chapter08\Example_08_05</Filter>
    </ClCompile>
    <ClCompile Include="Chapter08\Example_08_05_KochLine.cpp">
      <Filter>Source Files\Chapter08\Example_08_05</Filter>
    </ClCompile>
    <ClCompile Include="Chapter08\Example_08_06_Sketch.cpp">
      <Filter>Source Files\Chapter08\Example_08_06</Filter>
    </ClCompile>
    <ClCompile Include="Chapter08\Example_08_07_Sketch.cpp">
      <Filter>Source Files\Chapter08\Example_08_07</Filter>
    </ClCompile>
    <ClCompile Include="Chapter08\Example_08_08_Sketch.cpp">
      <Filter>Source Files\Chapter08\Example_08_08</Filter>
    </ClCompile>
    <ClCompile Include="Chapter08\Example_08_09_Sketch.cpp">
      <Filter>Source Files\Chapter08\Example_08_09</Filter>
    </ClCompile>
    <ClCompile Include="Chapter08\Example_08_09_LSystem.cpp">
      <Filter>Source Files\Chapter08\Example_08_09</Filter>
    </ClCompile>
    <ClCompile Include="Chapter08\Example_08_09_Tutle.cpp">
      <Filter>Source Files\Chapter08\Example_08_09</Filter>
    </ClCompile>
    <ClCompile Include="Chapter01\Example_01_01_Sketch.cpp">
      <Filter>Source Files\Chapter01\Example_01_01</Filter>
    </ClCompile>
    <ClCompile Include="Chapter01\Example_01_02_Sketch.cpp">
      <Filter>Source Files\Chapter01\Example_01_02</Filter>
    </ClCompile>
    <ClCompile Include="Chapter01\Example_01_03_Sketch.cpp">
      <Filter>Source Files\Chapter01\Example_01_03</Filter>
    </ClCompile>
    <ClCompile Include="Chapter01\Example_01_04_Sketch.cpp">
      <Filter>Source Files\Chapter01\Example_01_04</Filter>
    </ClCompile>
    <ClCompile Include="Chapter01\Example_01_05_Sketch.cpp">
      <Filter>Source Files\Chapter01\Example_01_05</Filter>
    </ClCompile>
    <ClCompile Include="Chapter01\Example_01_06_Sketch.cpp">
      <Filter>Source Files\Chapter01\Example_01_06</Filter>
    </ClCompile>
    <ClCompile Include="Chapter01\Example_01_07_Mover.cpp">
      <Filter>Source Files\Chapter01\Example_01_07</Filter>
    </ClCompile>
    <ClCompile Include="Chapter01\Example_01_07_Sketch.cpp">
      <Filter>Source Files\Chapter01\Example_01_07</Filter>
    </ClCompile>
    <ClCompile Include="Chapter01\Example_01_08_Mover.cpp">
      <Filter>Source Files\Chapter01\Example_01_08</Filter>
    </ClCompile>
    <ClCompile Include="Chapter01\Example_01_08_Sketch.cpp">
      <Filter>Source Files\Chapter01\Example_01_08</Filter>
    </ClCompile>
    <ClCompile Include="Chapter01\Example_01_09_Mover.cpp">
      <Filter>Source Files\Chapter01\Example_01_09</Filter>
    </ClCompile>
    <ClCompile Include="Chapter01\Example_01_09_Sketch.cpp">
      <Filter>Source Files\Chapter01\Example_01_09</Filter>
    </ClCompile>
    <ClCompile Include="Chapter01\Example_01_10_Mover.cpp">
      <Filter>Source Files\Chapter01\Example_01_10</Filter>
    </ClCompile>
    <ClCompile Include="Chapter01\Example_01_10_Sketch.cpp">
      <Filter>Source Files\Chapter01\Example_01_10</Filter>
    </ClCompile>
    <ClCompile Include="Chapter02\Example_02_01_Mover.cpp">
      <Filter>Source Files\Chapter02\Example_02_01</Filter>
    </ClCompile>
    <ClCompile Include="Chapter02\Example_02_01_Sketch.cpp">
      <Filter>Source Files\Chapter02\Example_02_01</Filter>
    </ClCompile>
    <ClCompile Include="Chapter02\Example_02_02_Mover.cpp">
      <Filter>Source Files\Chapter02\Example_02_02</Filter>
    </ClCompile>
    <ClCompile Include="Chapter02\Example_02_02_Sketch.cpp">
      <Filter>Source Files\Chapter02\Example_02_02</Filter>
    </ClCompile>
    <ClCompile Include="Chapter02\Example_02_03_Mover.cpp">
      <Filter>Source Files\Chapter02\Example_02_03</Filter>
    </ClCompile>
    <ClCompile Include="Chapter02\Example_02_03_Sketch.cpp">
      <Filter>Source Files\Chapter02\Example_02_03</Filter>
    </ClCompile>
    <ClCompile Include="Chapter02\Example_02_04_Mover.cpp">
      <Filter>Source Files\Chapter02\Example_02_04</Filter>
    </ClCompile>
    <ClCompile Include="Chapter02\Example_02_04_Sketch.cpp">
      <Filter>Source Files\Chapter02\Example_02_04</Filter>
    </ClCompile>
    <ClCompile Include="Chapter02\Example_02_05_Liquid.cpp">
      <Filter>Source Files\Chapter02\Example_02_05</Filter>
    </ClCompile>
    <ClCompile Include="Chapter02\Example_02_05_Mover.cpp">
      <Filter>Source Files\Chapter02\Example_02_05</Filter>
    </ClCompile>
    <ClCompile Include="Chapter02\Example_02_05_Sketch.cpp">
      <Filter>Source Files\Chapter02\Example_02_05</Filter>
    </ClCompile>
    <ClCompile Include="Chapter02\Example_02_06_Attractor.cpp">
      <Filter>Source Files\Chapter02\Example_02_06</Filter>
    </ClCompile>
    <ClCompile Include="Chapter02\Example_02_06_Mover.cpp">
      <Filter>Source Files\Chapter02\Example_02_06</Filter>
    </ClCompile>
    <ClCompile Include="Chapter02\Example_02_06_Sketch.cpp">
      <Filter>Source Files\Chapter02\Example_02_06</Filter>
    </ClCompile>
    <ClCompile Include="Chapter02\Example_02_07_Attractor.cpp">
      <Filter>Source Files\Chapter02\Example_02_07</Filter>
    </ClCompile>
    <ClCompile Include="Chapter02\Example_02_07_Mover.cpp">
      <Filter>Source Files\Chapter02\Example_02_07</Filter>
    </ClCompile>
    <ClCompile Include="Chapter02\Example_02_07_Sketch.cpp">
      <Filter>Source Files\Chapter02\Example_02_07</Filter>
    </ClCompile>
    <ClCompile Include="Chapter02\Example_02_08_Body.cpp">
      <Filter>Source Files\Chapter02\Example_02_08</Filter>
    </ClCompile>
    <ClCompile Include="Chapter02\Example_02_08_Sketch.cpp">
      <Filter>Source Files\Chapter02\Example_02_08</Filter>
    </ClCompile>
    <ClCompile Include="Chapter02\Example_02_09_Body.cpp">
      <Filter>Source Files\Chapter02\Example_02_09</Filter>
    </ClCompile>
    <ClCompile Include="Chapter02\Example_02_09_Sketch.cpp">
      <Filter>Source Files\Chapter02\Example_02_09</Filter>
    </ClCompile>
    <ClCompile Include="Chapter03\Example_03_01_Sketch.cpp">
      <Filter>Source Files\Chapter03\Example_03_01</Filter>
    </ClCompile>
    <ClCompile Include="Chapter03\Example_03_02_Attractor.cpp">
      <Filter>Source Files\Chapter03\Example_03_02</Filter>
    </ClCompile>
    <ClCompile Include="Chapter03\Example_03_02_Mover.cpp">
      <Filter>Source Files\Chapter03\Example_03_02</Filter>
    </ClCompile>
    <ClCompile Include="Chapter03\Example_03_02_Sketch.cpp">
      <Filter>Source Files\Chapter03\Example_03_02</Filter>
    </ClCompile>
    <ClCompile Include="Chapter03\Example_03_03_Mover.cpp">
      <Filter>Source Files\Chapter03\Example_03_03</Filter>
    </ClCompile>
    <ClCompile Include="Chapter03\Example_03_03_Sketch.cpp">
      <Filter>Source Files\Chapter03\Example_03_03</Filter>
    </ClCompile>
    <ClCompile Include="Chapter03\Example_03_04_Sketch.cpp">
      <Filter>Source Files\Chapter03\Example_03_04</Filter>
    </ClCompile>
    <ClCompile Include="Chapter03\Example_03_05_Sketch.cpp">
      <Filter>Source Files\Chapter03\Example_03_05</Filter>
    </ClCompile>
    <ClCompile Include="Chapter03\Example_03_06_Sketch.cpp">
      <Filter>Source Files\Chapter03\Example_03_06</Filter>
    </ClCompile>
    <ClCompile Include="Chapter03\Example_03_07_Oscillator.cpp">
      <Filter>Source Files\Chapter03\Example_03_07</Filter>
    </ClCompile>
    <ClCompile Include="Chapter03\Example_03_07_Sketch.cpp">
      <Filter>Source Files\Chapter03\Example_03_07</Filter>
    </ClCompile>
    <ClCompile Include="Chapter03\Example_03_08_Sketch.cpp">
      <Filter>Source Files\Chapter03\Example_03_08</Filter>
    </ClCompile>
    <ClCompile Include="Chapter03\Example_03_09_Sketch.cpp">
      <Filter>Source Files\Chapter03\Example_03_09</Filter>
    </ClCompile>
    <ClCompile Include="Chapter03\Example_03_10_Bob.cpp">
      <Filter>Source Files\Chapter03\Example_03_10</Filter>
    </ClCompile>
    <ClCompile Include="Chapter03\Example_03_10_Sketch.cpp">
      <Filter>Source Files\Chapter03\Example_03_10</Filter>
    </ClCompile>
    <ClCompile Include="Chapter03\Example_03_10_Spring.cpp">
      <Filter>Source Files\Chapter03\Example_03_10</Filter>
    </ClCompile>
    <ClCompile Include="Chapter03\Example_03_11_Pendulum.cpp">
      <Filter>Source Files\Chapter03\Example_03_11</Filter>
    </ClCompile>
    <ClCompile Include="Chapter03\Example_03_11_Sketch.cpp">
      <Filter>Source Files\Chapter03\Example_03_11</Filter>
    </ClCompile>
    <ClCompile Include="Chapter09\Example_09_01_Sketch.cpp">
      <Filter>Source Files\Chapter09\Example_09_01</Filter>
    </ClCompile>
    <ClCompile Include="Chapter09\Example_09_01_DNA.cpp">
      <Filter>Source Files\Chapter09\Example_09_01</Filter>
    </ClCompile>
    <ClCompile Include="Chapter09\Example_09_02_DNA.cpp">
      <Filter>Source Files\Chapter09\Example_09_02</Filter>
    </ClCompile>
    <ClCompile Include="Chapter09\Example_09_02_Population.cpp">
      <Filter>Source Files\Chapter09\Example_09_02</Filter>
    </ClCompile>
    <ClCompile Include="Chapter09\Example_09_02_Rocket.cpp">
      <Filter>Source Files\Chapter09\Example_09_02</Filter>
    </ClCompile>
    <ClCompile Include="Chapter09\Example_09_02_Sketch.cpp">
      <Filter>Source Files\Chapter09\Example_09_02</Filter>
    </ClCompile>
    <ClCompile Include="Miscellaneous\RectTest.cpp">
      <Filter>Source Files\Miscellaneous</Filter>
    </ClCompile>
  </ItemGroup>
  <ItemGroup>
    <None Include="Readme.md" />
  </ItemGroup>
  <ItemGroup>
    <Image Include="Chapter04\Example_04_08_Texture.png">
      <Filter>Source Files\Chapter04\Example_04_08</Filter>
    </Image>
  </ItemGroup>
</Project>